
Microsoft Visual Studio Solution File, Format Version 12.00
# Visual Studio 2015
Project("{FAE04EC0-301F-11D3-BF4B-00C04F79EFBC}") = "AprilisJam.CSharp", "AprilisJam.CSharp.csproj", "{50B2BCA9-76B2-13B1-E1E1-B96B3A9A7B0E}"
EndProject
Project("{FAE04EC0-301F-11D3-BF4B-00C04F79EFBC}") = "AprilisJam.CSharp.Editor", "AprilisJam.CSharp.Editor.csproj", "{2A0D1316-E787-DE34-25DB-B44FD3031707}"
EndProject
Global
	GlobalSection(SolutionConfigurationPlatforms) = preSolution
		Debug|Any CPU = Debug|Any CPU
		Release|Any CPU = Release|Any CPU
	EndGlobalSection
	GlobalSection(ProjectConfigurationPlatforms) = postSolution
		{50B2BCA9-76B2-13B1-E1E1-B96B3A9A7B0E}.Debug|Any CPU.ActiveCfg = Debug|Any CPU
		{50B2BCA9-76B2-13B1-E1E1-B96B3A9A7B0E}.Debug|Any CPU.Build.0 = Debug|Any CPU
		{50B2BCA9-76B2-13B1-E1E1-B96B3A9A7B0E}.Release|Any CPU.ActiveCfg = Release|Any CPU
		{50B2BCA9-76B2-13B1-E1E1-B96B3A9A7B0E}.Release|Any CPU.Build.0 = Release|Any CPU
		{2A0D1316-E787-DE34-25DB-B44FD3031707}.Debug|Any CPU.ActiveCfg = Debug|Any CPU
		{2A0D1316-E787-DE34-25DB-B44FD3031707}.Debug|Any CPU.Build.0 = Debug|Any CPU
		{2A0D1316-E787-DE34-25DB-B44FD3031707}.Release|Any CPU.ActiveCfg = Release|Any CPU
		{2A0D1316-E787-DE34-25DB-B44FD3031707}.Release|Any CPU.Build.0 = Release|Any CPU
	EndGlobalSection
	GlobalSection(SolutionProperties) = preSolution
		HideSolutionNode = FALSE
	EndGlobalSection
EndGlobal
