
Microsoft Visual Studio Solution File, Format Version 12.00
# Visual Studio 2015
Project("{FAE04EC0-301F-11D3-BF4B-00C04F79EFBC}") = "AprilisJam", "AprilisJam.csproj", "{D0EE2E74-9909-D7C7-C131-D4EA1D0F6542}"
EndProject
Project("{FAE04EC0-301F-11D3-BF4B-00C04F79EFBC}") = "AprilisJam", "Assembly-CSharp-Editor.csproj", "{5FE84575-808E-251D-52A3-EAAEC174B66D}"
EndProject
Global
	GlobalSection(SolutionConfigurationPlatforms) = preSolution
		Debug|Any CPU = Debug|Any CPU
		Release|Any CPU = Release|Any CPU
	EndGlobalSection
	GlobalSection(ProjectConfigurationPlatforms) = postSolution
		{E86E7939-2257-FA6A-8B4A-5C6B6E0A0881}.Debug|Any CPU.ActiveCfg = Debug|Any CPU
		{E86E7939-2257-FA6A-8B4A-5C6B6E0A0881}.Debug|Any CPU.Build.0 = Debug|Any CPU
		{E86E7939-2257-FA6A-8B4A-5C6B6E0A0881}.Release|Any CPU.ActiveCfg = Release|Any CPU
		{E86E7939-2257-FA6A-8B4A-5C6B6E0A0881}.Release|Any CPU.Build.0 = Release|Any CPU
		{5FE84575-808E-251D-52A3-EAAEC174B66D}.Debug|Any CPU.ActiveCfg = Debug|Any CPU
		{5FE84575-808E-251D-52A3-EAAEC174B66D}.Debug|Any CPU.Build.0 = Debug|Any CPU
		{5FE84575-808E-251D-52A3-EAAEC174B66D}.Release|Any CPU.ActiveCfg = Release|Any CPU
		{5FE84575-808E-251D-52A3-EAAEC174B66D}.Release|Any CPU.Build.0 = Release|Any CPU
	EndGlobalSection
	GlobalSection(SolutionProperties) = preSolution
		HideSolutionNode = FALSE
	EndGlobalSection
	GlobalSection(MonoDevelopProperties) = preSolution
		StartupItem = Assembly-CSharp.csproj
	EndGlobalSection
EndGlobal
